
Microsoft Visual Studio Solution File, Format Version 12.00
# Visual Studio Version 16
VisualStudioVersion = 16.0.28922.388
MinimumVisualStudioVersion = 10.0.40219.1
Project("{FAE04EC0-301F-11D3-BF4B-00C04F79EFBC}") = "CircLinhH", "CircLinhH\CircLinhH.csproj", "{AEF8DE7A-A8D0-4338-BE77-CA438453ED2A}"
EndProject
Global
	GlobalSection(SolutionConfigurationPlatforms) = preSolution
		Debug|Any CPU = Debug|Any CPU
		Release|Any CPU = Release|Any CPU
	EndGlobalSection
	GlobalSection(ProjectConfigurationPlatforms) = postSolution
		{AEF8DE7A-A8D0-4338-BE77-CA438453ED2A}.Debug|Any CPU.ActiveCfg = Debug|Any CPU
		{AEF8DE7A-A8D0-4338-BE77-CA438453ED2A}.Debug|Any CPU.Build.0 = Debug|Any CPU
		{AEF8DE7A-A8D0-4338-BE77-CA438453ED2A}.Release|Any CPU.ActiveCfg = Release|Any CPU
		{AEF8DE7A-A8D0-4338-BE77-CA438453ED2A}.Release|Any CPU.Build.0 = Release|Any CPU
	EndGlobalSection
	GlobalSection(SolutionProperties) = preSolution
		HideSolutionNode = FALSE
	EndGlobalSection
	GlobalSection(ExtensibilityGlobals) = postSolution
		SolutionGuid = {DAC25529-8F87-4083-B422-B94FB7E7D645}
	EndGlobalSection
EndGlobal
