
Microsoft Visual Studio Solution File, Format Version 12.00
# Visual Studio Version 16
VisualStudioVersion = 16.0.29230.47
MinimumVisualStudioVersion = 10.0.40219.1
Project("{FAE04EC0-301F-11D3-BF4B-00C04F79EFBC}") = "SocialMediasLinhH", "SocialMediasLinhH\SocialMediasLinhH.csproj", "{FE3E5780-3611-4DF7-AABE-1F99376A92D3}"
EndProject
Global
	GlobalSection(SolutionConfigurationPlatforms) = preSolution
		Debug|Any CPU = Debug|Any CPU
		Release|Any CPU = Release|Any CPU
	EndGlobalSection
	GlobalSection(ProjectConfigurationPlatforms) = postSolution
		{FE3E5780-3611-4DF7-AABE-1F99376A92D3}.Debug|Any CPU.ActiveCfg = Debug|Any CPU
		{FE3E5780-3611-4DF7-AABE-1F99376A92D3}.Debug|Any CPU.Build.0 = Debug|Any CPU
		{FE3E5780-3611-4DF7-AABE-1F99376A92D3}.Release|Any CPU.ActiveCfg = Release|Any CPU
		{FE3E5780-3611-4DF7-AABE-1F99376A92D3}.Release|Any CPU.Build.0 = Release|Any CPU
	EndGlobalSection
	GlobalSection(SolutionProperties) = preSolution
		HideSolutionNode = FALSE
	EndGlobalSection
	GlobalSection(ExtensibilityGlobals) = postSolution
		SolutionGuid = {0D7C63B8-83B6-4735-9A57-0871F36EEB50}
	EndGlobalSection
EndGlobal
